
Microsoft Visual Studio Solution File, Format Version 12.00
# Visual Studio Version 17
VisualStudioVersion = 17.1.32228.430
MinimumVisualStudioVersion = 10.0.40219.1
Project("{888888A0-9F3D-457C-B088-3A5042F75D52}") = "LSQ-Sens", "LSQ-Sens.pyproj", "{A7BF27A9-56A6-472C-9AF1-8FA13868B249}"
EndProject
Global
	GlobalSection(SolutionConfigurationPlatforms) = preSolution
		Debug|Any CPU = Debug|Any CPU
		Release|Any CPU = Release|Any CPU
	EndGlobalSection
	GlobalSection(ProjectConfigurationPlatforms) = postSolution
		{A7BF27A9-56A6-472C-9AF1-8FA13868B249}.Debug|Any CPU.ActiveCfg = Debug|Any CPU
		{A7BF27A9-56A6-472C-9AF1-8FA13868B249}.Release|Any CPU.ActiveCfg = Release|Any CPU
	EndGlobalSection
	GlobalSection(SolutionProperties) = preSolution
		HideSolutionNode = FALSE
	EndGlobalSection
	GlobalSection(ExtensibilityGlobals) = postSolution
		SolutionGuid = {22520B5B-20F0-423B-9E4A-1EA1C2B2DE35}
	EndGlobalSection
EndGlobal
